
Microsoft Visual Studio Solution File, Format Version 12.00
# Visual Studio Version 16
VisualStudioVersion = 16.0.30804.86
MinimumVisualStudioVersion = 10.0.40219.1
Project("{FAE04EC0-301F-11D3-BF4B-00C04F79EFBC}") = "Currency conversion", "Currency conversion\Currency conversion.csproj", "{1DFC86FA-F2CB-44FF-BE9D-174F156DFD70}"
EndProject
Global
	GlobalSection(SolutionConfigurationPlatforms) = preSolution
		Debug|Any CPU = Debug|Any CPU
		Release|Any CPU = Release|Any CPU
	EndGlobalSection
	GlobalSection(ProjectConfigurationPlatforms) = postSolution
		{1DFC86FA-F2CB-44FF-BE9D-174F156DFD70}.Debug|Any CPU.ActiveCfg = Debug|Any CPU
		{1DFC86FA-F2CB-44FF-BE9D-174F156DFD70}.Debug|Any CPU.Build.0 = Debug|Any CPU
		{1DFC86FA-F2CB-44FF-BE9D-174F156DFD70}.Release|Any CPU.ActiveCfg = Release|Any CPU
		{1DFC86FA-F2CB-44FF-BE9D-174F156DFD70}.Release|Any CPU.Build.0 = Release|Any CPU
	EndGlobalSection
	GlobalSection(SolutionProperties) = preSolution
		HideSolutionNode = FALSE
	EndGlobalSection
	GlobalSection(ExtensibilityGlobals) = postSolution
		SolutionGuid = {0950A446-460B-45AD-B3CE-DA8A81145CEA}
	EndGlobalSection
EndGlobal
